
Microsoft Visual Studio Solution File, Format Version 12.00
# Visual Studio 15
VisualStudioVersion = 15.0.28307.168
MinimumVisualStudioVersion = 10.0.40219.1
Project("{FAE04EC0-301F-11D3-BF4B-00C04F79EFBC}") = "TaschenrechnerLib", "TaschenrechnerLib\TaschenrechnerLib.csproj", "{2F89FE91-AA06-4466-9BCE-6E21384C3F90}"
EndProject
Project("{FAE04EC0-301F-11D3-BF4B-00C04F79EFBC}") = "TaschenrechnerLib.MSTest.Tests", "TaschenrechnerLib.MSTest.Tests\TaschenrechnerLib.MSTest.Tests.csproj", "{D048FF06-399A-4FFD-A842-5CCC83F63C5B}"
EndProject
Global
	GlobalSection(SolutionConfigurationPlatforms) = preSolution
		Debug|Any CPU = Debug|Any CPU
		Release|Any CPU = Release|Any CPU
	EndGlobalSection
	GlobalSection(ProjectConfigurationPlatforms) = postSolution
		{2F89FE91-AA06-4466-9BCE-6E21384C3F90}.Debug|Any CPU.ActiveCfg = Debug|Any CPU
		{2F89FE91-AA06-4466-9BCE-6E21384C3F90}.Debug|Any CPU.Build.0 = Debug|Any CPU
		{2F89FE91-AA06-4466-9BCE-6E21384C3F90}.Release|Any CPU.ActiveCfg = Release|Any CPU
		{2F89FE91-AA06-4466-9BCE-6E21384C3F90}.Release|Any CPU.Build.0 = Release|Any CPU
		{D048FF06-399A-4FFD-A842-5CCC83F63C5B}.Debug|Any CPU.ActiveCfg = Debug|Any CPU
		{D048FF06-399A-4FFD-A842-5CCC83F63C5B}.Debug|Any CPU.Build.0 = Debug|Any CPU
		{D048FF06-399A-4FFD-A842-5CCC83F63C5B}.Release|Any CPU.ActiveCfg = Release|Any CPU
		{D048FF06-399A-4FFD-A842-5CCC83F63C5B}.Release|Any CPU.Build.0 = Release|Any CPU
	EndGlobalSection
	GlobalSection(SolutionProperties) = preSolution
		HideSolutionNode = FALSE
	EndGlobalSection
	GlobalSection(ExtensibilityGlobals) = postSolution
		SolutionGuid = {56385BC1-577E-4FB8-860E-AF2C38FF0CD9}
	EndGlobalSection
EndGlobal
