
Microsoft Visual Studio Solution File, Format Version 12.00
# Visual Studio 15
VisualStudioVersion = 15.0.28307.168
MinimumVisualStudioVersion = 10.0.40219.1
Project("{2150E333-8FDC-42A3-9474-1A3956D46DE8}") = "Domain", "Domain", "{791FBCA1-BD3B-461A-B84B-B1F07B6B792C}"
EndProject
Project("{2150E333-8FDC-42A3-9474-1A3956D46DE8}") = "Logic", "Logic", "{66A91560-F18A-4DEE-974A-02830CC51D23}"
EndProject
Project("{2150E333-8FDC-42A3-9474-1A3956D46DE8}") = "UI", "UI", "{AD0BC4B7-D735-4F85-8C2E-07E200B97D61}"
EndProject
Project("{2150E333-8FDC-42A3-9474-1A3956D46DE8}") = "Data", "Data", "{37878D95-D380-4127-9129-CBA65B51E4AE}"
EndProject
Project("{FAE04EC0-301F-11D3-BF4B-00C04F79EFBC}") = "ppedv.Weballian.Domain", "Domain\ppedv.Weballian.Domain\ppedv.Weballian.Domain.csproj", "{97B42BC8-3DC7-4F04-96E5-F652C33A1D5A}"
EndProject
Project("{FAE04EC0-301F-11D3-BF4B-00C04F79EFBC}") = "ppedv.Weballian.Data.EF", "Data\ppedv.Weballian.Data.EF\ppedv.Weballian.Data.EF.csproj", "{46661F28-C35C-4168-80CE-14CDD04E996D}"
EndProject
Project("{FAE04EC0-301F-11D3-BF4B-00C04F79EFBC}") = "ppedv.Weballian.Data.EF.Tests", "Data\ppedv.Weballian.Data.EF.Tests\ppedv.Weballian.Data.EF.Tests.csproj", "{CDC93C8C-4BA5-47C5-A3A7-235CB4142B7E}"
EndProject
Global
	GlobalSection(SolutionConfigurationPlatforms) = preSolution
		Debug|Any CPU = Debug|Any CPU
		Release|Any CPU = Release|Any CPU
	EndGlobalSection
	GlobalSection(ProjectConfigurationPlatforms) = postSolution
		{97B42BC8-3DC7-4F04-96E5-F652C33A1D5A}.Debug|Any CPU.ActiveCfg = Debug|Any CPU
		{97B42BC8-3DC7-4F04-96E5-F652C33A1D5A}.Debug|Any CPU.Build.0 = Debug|Any CPU
		{97B42BC8-3DC7-4F04-96E5-F652C33A1D5A}.Release|Any CPU.ActiveCfg = Release|Any CPU
		{97B42BC8-3DC7-4F04-96E5-F652C33A1D5A}.Release|Any CPU.Build.0 = Release|Any CPU
		{46661F28-C35C-4168-80CE-14CDD04E996D}.Debug|Any CPU.ActiveCfg = Debug|Any CPU
		{46661F28-C35C-4168-80CE-14CDD04E996D}.Debug|Any CPU.Build.0 = Debug|Any CPU
		{46661F28-C35C-4168-80CE-14CDD04E996D}.Release|Any CPU.ActiveCfg = Release|Any CPU
		{46661F28-C35C-4168-80CE-14CDD04E996D}.Release|Any CPU.Build.0 = Release|Any CPU
		{CDC93C8C-4BA5-47C5-A3A7-235CB4142B7E}.Debug|Any CPU.ActiveCfg = Debug|Any CPU
		{CDC93C8C-4BA5-47C5-A3A7-235CB4142B7E}.Debug|Any CPU.Build.0 = Debug|Any CPU
		{CDC93C8C-4BA5-47C5-A3A7-235CB4142B7E}.Release|Any CPU.ActiveCfg = Release|Any CPU
		{CDC93C8C-4BA5-47C5-A3A7-235CB4142B7E}.Release|Any CPU.Build.0 = Release|Any CPU
	EndGlobalSection
	GlobalSection(SolutionProperties) = preSolution
		HideSolutionNode = FALSE
	EndGlobalSection
	GlobalSection(NestedProjects) = preSolution
		{97B42BC8-3DC7-4F04-96E5-F652C33A1D5A} = {791FBCA1-BD3B-461A-B84B-B1F07B6B792C}
		{46661F28-C35C-4168-80CE-14CDD04E996D} = {37878D95-D380-4127-9129-CBA65B51E4AE}
		{CDC93C8C-4BA5-47C5-A3A7-235CB4142B7E} = {37878D95-D380-4127-9129-CBA65B51E4AE}
	EndGlobalSection
	GlobalSection(ExtensibilityGlobals) = postSolution
		SolutionGuid = {3B58CA2E-E331-4F4B-A0E2-6E624941463A}
	EndGlobalSection
EndGlobal
